// !$*UTF8*$!
{
	archiveVersion = 1;
	classes = {
	};
	objectVersion = 77;
	objects = {

/* Begin PBXBuildFile section */
		0941253421DE6EB49F694D21 /* EventLoggerTests.swift in Sources */ = {isa = PBXBuildFile; fileRef = E6DFFA9889B3369494D433E7 /* EventLoggerTests.swift */; };
		5525C7031E3345BAB6786FF6 /* LoadedRule.swift in Sources */ = {isa = PBXBuildFile; fileRef = D04AD2DDC92F4F91938F47DD /* LoadedRule.swift */; };
		CCB34E0771A848B7A7D8C272 /* LoadedRuleTests.swift in Sources */ = {isa = PBXBuildFile; fileRef = 0BB51F0417544CFF82F5C289 /* LoadedRuleTests.swift */; };
		4EFCC6984BD94D70BB4E70AE /* RuleCache.swift in Sources */ = {isa = PBXBuildFile; fileRef = 07A160179D424B35A2BD5941 /* RuleCache.swift */; };
		863B1C19EEB943C985C454F5 /* RuleCacheTests.swift in Sources */ = {isa = PBXBuildFile; fileRef = 1E151CB1851446F39843FFD3 /* RuleCacheTests.swift */; };
		0C5AEE4B53D6A4594ACDCAED /* MenuBarCache.swift in Sources */ = {isa = PBXBuildFile; fileRef = A0E76880742AF91C4F28EF3B /* MenuBarCache.swift */; };
		2C1534CFB385A74AA9511133 /* ShortcutRulesTests.swift in Sources */ = {isa = PBXBuildFile; fileRef = CF4CC4087366DE902330CA6F /* ShortcutRulesTests.swift */; };
		32D9DA7F08F347B38F100DFB /* ShortcutEvent.swift in Sources */ = {isa = PBXBuildFile; fileRef = DCC6B9CE8FFF905D3CB4BCA0 /* ShortcutEvent.swift */; };
		3870CDD92A623CCC38212BBD /* MenuBarCacheTests.swift in Sources */ = {isa = PBXBuildFile; fileRef = 71089F34BF360406DF829CD2 /* MenuBarCacheTests.swift */; };
		60D4BD4F03942A723818EB31 /* ToastWindow.swift in Sources */ = {isa = PBXBuildFile; fileRef = FB8EBF6FD9A5AC7536364EAA /* ToastWindow.swift */; };
		66AEDAB8D6B27AC0FB7D50E7 /* ElectronShortcutScannerTests.swift in Sources */ = {isa = PBXBuildFile; fileRef = 2C3395093F311A70AC8B902D /* ElectronShortcutScannerTests.swift */; };
		7F04919FAECD8480B487A8FD /* ClickWatcher.swift in Sources */ = {isa = PBXBuildFile; fileRef = 74610A7EF8913C2810D5A0C0 /* ClickWatcher.swift */; };
		8DA7A33D1FEEFF27C202486F /* AsarReaderTests.swift in Sources */ = {isa = PBXBuildFile; fileRef = A4927B1309184521DF315A53 /* AsarReaderTests.swift */; };
		9D0515F424679C978B7CB4FE /* MenuBarIndexTests.swift in Sources */ = {isa = PBXBuildFile; fileRef = 929AD545A5C8B883B67B8DF1 /* MenuBarIndexTests.swift */; };
		A376260BDFF9C683712A75D2 /* MenuBarIndex.swift in Sources */ = {isa = PBXBuildFile; fileRef = C6003037CDAC22D92763D3EA /* MenuBarIndex.swift */; };
		ABF500139EEDDCECFD6387DF /* AsarTestFixture.swift in Sources */ = {isa = PBXBuildFile; fileRef = EE98E7B09E56ECD2733A8701 /* AsarTestFixture.swift */; };
		B0CB749EB83B777278EF3108 /* ElectronShortcutScanner.swift in Sources */ = {isa = PBXBuildFile; fileRef = 63398BFD748EC70C1A31DE9F /* ElectronShortcutScanner.swift */; };
		B387629ECE75EB4A9EC78312 /* ShortcutRules.swift in Sources */ = {isa = PBXBuildFile; fileRef = D05919D511DAC8124C848B31 /* ShortcutRules.swift */; };
		B3F450355F09FDAD04F0AA40 /* AsarReader.swift in Sources */ = {isa = PBXBuildFile; fileRef = 9EE99A377EF3A592EEB73BC6 /* AsarReader.swift */; };
		C934D80ECE34114EC3F593FC /* main.swift in Sources */ = {isa = PBXBuildFile; fileRef = 78F2522A34A64845E2F1A827 /* main.swift */; };
		D8B1CF34485FD3D6842055D5 /* MatchConfidenceTests.swift in Sources */ = {isa = PBXBuildFile; fileRef = 9E7EFA935CA79C3442AFF1CE /* MatchConfidenceTests.swift */; };
		E6062D3A5D10E29C58E2669D /* AppDelegate.swift in Sources */ = {isa = PBXBuildFile; fileRef = 75AB6406FDB65C7366C483F8 /* AppDelegate.swift */; };
		F2E728B4C8579C70488B1007 /* MatchConfidence.swift in Sources */ = {isa = PBXBuildFile; fileRef = 8F05A8D6CB7773DA43E1B8E7 /* MatchConfidence.swift */; };
		F52CC85A83C1FB904C1E53B5 /* EventLogger.swift in Sources */ = {isa = PBXBuildFile; fileRef = 4C0F1A84EF2FF9D1283D2C56 /* EventLogger.swift */; };
		FBFAD138C297F1EC3CCECE4C /* BundleStringsScanner.swift in Sources */ = {isa = PBXBuildFile; fileRef = FE50D2B6012E737F06028AEC /* BundleStringsScanner.swift */; };
		4A835C02919B427AA984BECB /* RuleStorage.swift in Sources */ = {isa = PBXBuildFile; fileRef = FD0DBD23CF004F7BBA0EB28A /* RuleStorage.swift */; };
		9698660406FF4FBCA10BD95C /* RuleStorageTests.swift in Sources */ = {isa = PBXBuildFile; fileRef = 9C684DC6328A45048684C767 /* RuleStorageTests.swift */; };
		A138C7C943504B60933E8768 /* AXSkeletonExtractor.swift in Sources */ = {isa = PBXBuildFile; fileRef = 4D1D88C6833E423691C4E649 /* AXSkeletonExtractor.swift */; };
		F1A3B968D79E4057808DA853 /* AXSkeletonFilterTests.swift in Sources */ = {isa = PBXBuildFile; fileRef = 5BB9E295F3FE4BBA889E2FCA /* AXSkeletonFilterTests.swift */; };
		7C2D4E5F3A1B5C6E7F8G9H0I /* MenuBarDumper.swift in Sources */ = {isa = PBXBuildFile; fileRef = 8A9B0C1D2E3F4G5H6I7J8K9L /* MenuBarDumper.swift */; };
		9M8N7O6P5Q4R3S2T1U0V9W8X /* MenuBarDumperTests.swift in Sources */ = {isa = PBXBuildFile; fileRef = 2Y3Z4A5B6C7D8E9F0G1H2I3J /* MenuBarDumperTests.swift */; };
/* End PBXBuildFile section */

/* Begin PBXContainerItemProxy section */
		7C3EE27235EB5F52EF98BDDA /* PBXContainerItemProxy */ = {
			isa = PBXContainerItemProxy;
			containerPortal = 559F620876978ADF0CFCF373 /* Project object */;
			proxyType = 1;
			remoteGlobalIDString = 03F03064784A91D4917B6693;
			remoteInfo = SFlow;
		};
/* End PBXContainerItemProxy section */

/* Begin PBXFileReference section */
		0AF326EDB03BF5D0178EF185 /* SFlow.app */ = {isa = PBXFileReference; explicitFileType = wrapper.application; includeInIndex = 0; path = SFlow.app; sourceTree = BUILT_PRODUCTS_DIR; };
		2C3395093F311A70AC8B902D /* ElectronShortcutScannerTests.swift */ = {isa = PBXFileReference; lastKnownFileType = sourcecode.swift; path = ElectronShortcutScannerTests.swift; sourceTree = "<group>"; };
		37C5EBD6EAEC6BDDF6FC2426 /* Info.plist */ = {isa = PBXFileReference; lastKnownFileType = text.plist; path = Info.plist; sourceTree = "<group>"; };
		4C0F1A84EF2FF9D1283D2C56 /* EventLogger.swift */ = {isa = PBXFileReference; lastKnownFileType = sourcecode.swift; path = EventLogger.swift; sourceTree = "<group>"; };
		63398BFD748EC70C1A31DE9F /* ElectronShortcutScanner.swift */ = {isa = PBXFileReference; lastKnownFileType = sourcecode.swift; path = ElectronShortcutScanner.swift; sourceTree = "<group>"; };
		696FCA35F867499528AB23A3 /* SFlowTests.xctest */ = {isa = PBXFileReference; explicitFileType = wrapper.cfbundle; includeInIndex = 0; path = SFlowTests.xctest; sourceTree = BUILT_PRODUCTS_DIR; };
		71089F34BF360406DF829CD2 /* MenuBarCacheTests.swift */ = {isa = PBXFileReference; lastKnownFileType = sourcecode.swift; path = MenuBarCacheTests.swift; sourceTree = "<group>"; };
		74610A7EF8913C2810D5A0C0 /* ClickWatcher.swift */ = {isa = PBXFileReference; lastKnownFileType = sourcecode.swift; path = ClickWatcher.swift; sourceTree = "<group>"; };
		75AB6406FDB65C7366C483F8 /* AppDelegate.swift */ = {isa = PBXFileReference; lastKnownFileType = sourcecode.swift; path = AppDelegate.swift; sourceTree = "<group>"; };
		78F2522A34A64845E2F1A827 /* main.swift */ = {isa = PBXFileReference; lastKnownFileType = sourcecode.swift; path = main.swift; sourceTree = "<group>"; };
		8F05A8D6CB7773DA43E1B8E7 /* MatchConfidence.swift */ = {isa = PBXFileReference; lastKnownFileType = sourcecode.swift; path = MatchConfidence.swift; sourceTree = "<group>"; };
		929AD545A5C8B883B67B8DF1 /* MenuBarIndexTests.swift */ = {isa = PBXFileReference; lastKnownFileType = sourcecode.swift; path = MenuBarIndexTests.swift; sourceTree = "<group>"; };
		9E7EFA935CA79C3442AFF1CE /* MatchConfidenceTests.swift */ = {isa = PBXFileReference; lastKnownFileType = sourcecode.swift; path = MatchConfidenceTests.swift; sourceTree = "<group>"; };
		9EE99A377EF3A592EEB73BC6 /* AsarReader.swift */ = {isa = PBXFileReference; lastKnownFileType = sourcecode.swift; path = AsarReader.swift; sourceTree = "<group>"; };
		A0E76880742AF91C4F28EF3B /* MenuBarCache.swift */ = {isa = PBXFileReference; lastKnownFileType = sourcecode.swift; path = MenuBarCache.swift; sourceTree = "<group>"; };
		D04AD2DDC92F4F91938F47DD /* LoadedRule.swift */ = {isa = PBXFileReference; lastKnownFileType = sourcecode.swift; path = LoadedRule.swift; sourceTree = "<group>"; };
		0BB51F0417544CFF82F5C289 /* LoadedRuleTests.swift */ = {isa = PBXFileReference; lastKnownFileType = sourcecode.swift; path = LoadedRuleTests.swift; sourceTree = "<group>"; };
		07A160179D424B35A2BD5941 /* RuleCache.swift */ = {isa = PBXFileReference; lastKnownFileType = sourcecode.swift; path = RuleCache.swift; sourceTree = "<group>"; };
		1E151CB1851446F39843FFD3 /* RuleCacheTests.swift */ = {isa = PBXFileReference; lastKnownFileType = sourcecode.swift; path = RuleCacheTests.swift; sourceTree = "<group>"; };
		A4927B1309184521DF315A53 /* AsarReaderTests.swift */ = {isa = PBXFileReference; lastKnownFileType = sourcecode.swift; path = AsarReaderTests.swift; sourceTree = "<group>"; };
		C6003037CDAC22D92763D3EA /* MenuBarIndex.swift */ = {isa = PBXFileReference; lastKnownFileType = sourcecode.swift; path = MenuBarIndex.swift; sourceTree = "<group>"; };
		CF4CC4087366DE902330CA6F /* ShortcutRulesTests.swift */ = {isa = PBXFileReference; lastKnownFileType = sourcecode.swift; path = ShortcutRulesTests.swift; sourceTree = "<group>"; };
		D05919D511DAC8124C848B31 /* ShortcutRules.swift */ = {isa = PBXFileReference; lastKnownFileType = sourcecode.swift; path = ShortcutRules.swift; sourceTree = "<group>"; };
		DA442DAD8FEA3C3117ADBEF3 /* .gitkeep */ = {isa = PBXFileReference; lastKnownFileType = text; path = .gitkeep; sourceTree = "<group>"; };
		DCC6B9CE8FFF905D3CB4BCA0 /* ShortcutEvent.swift */ = {isa = PBXFileReference; lastKnownFileType = sourcecode.swift; path = ShortcutEvent.swift; sourceTree = "<group>"; };
		E6DFFA9889B3369494D433E7 /* EventLoggerTests.swift */ = {isa = PBXFileReference; lastKnownFileType = sourcecode.swift; path = EventLoggerTests.swift; sourceTree = "<group>"; };
		EE98E7B09E56ECD2733A8701 /* AsarTestFixture.swift */ = {isa = PBXFileReference; lastKnownFileType = sourcecode.swift; path = AsarTestFixture.swift; sourceTree = "<group>"; };
		FB8EBF6FD9A5AC7536364EAA /* ToastWindow.swift */ = {isa = PBXFileReference; lastKnownFileType = sourcecode.swift; path = ToastWindow.swift; sourceTree = "<group>"; };
		FE50D2B6012E737F06028AEC /* BundleStringsScanner.swift */ = {isa = PBXFileReference; lastKnownFileType = sourcecode.swift; path = BundleStringsScanner.swift; sourceTree = "<group>"; };
		FD0DBD23CF004F7BBA0EB28A /* RuleStorage.swift */ = {isa = PBXFileReference; lastKnownFileType = sourcecode.swift; path = RuleStorage.swift; sourceTree = "<group>"; };
		9C684DC6328A45048684C767 /* RuleStorageTests.swift */ = {isa = PBXFileReference; lastKnownFileType = sourcecode.swift; path = RuleStorageTests.swift; sourceTree = "<group>"; };
		4D1D88C6833E423691C4E649 /* AXSkeletonExtractor.swift */ = {isa = PBXFileReference; lastKnownFileType = sourcecode.swift; path = AXSkeletonExtractor.swift; sourceTree = "<group>"; };
		5BB9E295F3FE4BBA889E2FCA /* AXSkeletonFilterTests.swift */ = {isa = PBXFileReference; lastKnownFileType = sourcecode.swift; path = AXSkeletonFilterTests.swift; sourceTree = "<group>"; };
		8A9B0C1D2E3F4G5H6I7J8K9L /* MenuBarDumper.swift */ = {isa = PBXFileReference; lastKnownFileType = sourcecode.swift; path = MenuBarDumper.swift; sourceTree = "<group>"; };
		2Y3Z4A5B6C7D8E9F0G1H2I3J /* MenuBarDumperTests.swift */ = {isa = PBXFileReference; lastKnownFileType = sourcecode.swift; path = MenuBarDumperTests.swift; sourceTree = "<group>"; };
/* End PBXFileReference section */

/* Begin PBXGroup section */
		30AC372D4A1035DCD8DFA3C4 /* SFlow */ = {
			isa = PBXGroup;
			children = (
				75AB6406FDB65C7366C483F8 /* AppDelegate.swift */,
				9EE99A377EF3A592EEB73BC6 /* AsarReader.swift */,
				4D1D88C6833E423691C4E649 /* AXSkeletonExtractor.swift */,
				FE50D2B6012E737F06028AEC /* BundleStringsScanner.swift */,
				74610A7EF8913C2810D5A0C0 /* ClickWatcher.swift */,
				63398BFD748EC70C1A31DE9F /* ElectronShortcutScanner.swift */,
				4C0F1A84EF2FF9D1283D2C56 /* EventLogger.swift */,
				37C5EBD6EAEC6BDDF6FC2426 /* Info.plist */,
				D04AD2DDC92F4F91938F47DD /* LoadedRule.swift */,
				07A160179D424B35A2BD5941 /* RuleCache.swift */,
				FD0DBD23CF004F7BBA0EB28A /* RuleStorage.swift */,
				78F2522A34A64845E2F1A827 /* main.swift */,
				8F05A8D6CB7773DA43E1B8E7 /* MatchConfidence.swift */,
				A0E76880742AF91C4F28EF3B /* MenuBarCache.swift */,
				8A9B0C1D2E3F4G5H6I7J8K9L /* MenuBarDumper.swift */,
				C6003037CDAC22D92763D3EA /* MenuBarIndex.swift */,
				DCC6B9CE8FFF905D3CB4BCA0 /* ShortcutEvent.swift */,
				D05919D511DAC8124C848B31 /* ShortcutRules.swift */,
				FB8EBF6FD9A5AC7536364EAA /* ToastWindow.swift */,
			);
			path = SFlow;
			sourceTree = "<group>";
		};
		668AFEA0D29C64ADAAC04CD8 = {
			isa = PBXGroup;
			children = (
				30AC372D4A1035DCD8DFA3C4 /* SFlow */,
				E16E22F9F263FC7F5F99840E /* SFlowTests */,
				F6F4E2EE2EF54308DF3A77F8 /* Products */,
			);
			sourceTree = "<group>";
		};
		E16E22F9F263FC7F5F99840E /* SFlowTests */ = {
			isa = PBXGroup;
			children = (
				DA442DAD8FEA3C3117ADBEF3 /* .gitkeep */,
				A4927B1309184521DF315A53 /* AsarReaderTests.swift */,
				EE98E7B09E56ECD2733A8701 /* AsarTestFixture.swift */,
				2C3395093F311A70AC8B902D /* ElectronShortcutScannerTests.swift */,
				E6DFFA9889B3369494D433E7 /* EventLoggerTests.swift */,
				9E7EFA935CA79C3442AFF1CE /* MatchConfidenceTests.swift */,
				71089F34BF360406DF829CD2 /* MenuBarCacheTests.swift */,
				2Y3Z4A5B6C7D8E9F0G1H2I3J /* MenuBarDumperTests.swift */,
				0BB51F0417544CFF82F5C289 /* LoadedRuleTests.swift */,
				1E151CB1851446F39843FFD3 /* RuleCacheTests.swift */,
				9C684DC6328A45048684C767 /* RuleStorageTests.swift */,
				929AD545A5C8B883B67B8DF1 /* MenuBarIndexTests.swift */,
				CF4CC4087366DE902330CA6F /* ShortcutRulesTests.swift */,
				5BB9E295F3FE4BBA889E2FCA /* AXSkeletonFilterTests.swift */,
			);
			path = SFlowTests;
			sourceTree = "<group>";
		};
		F6F4E2EE2EF54308DF3A77F8 /* Products */ = {
			isa = PBXGroup;
			children = (
				0AF326EDB03BF5D0178EF185 /* SFlow.app */,
				696FCA35F867499528AB23A3 /* SFlowTests.xctest */,
			);
			name = Products;
			sourceTree = "<group>";
		};
/* End PBXGroup section */

/* Begin PBXNativeTarget section */
		03F03064784A91D4917B6693 /* SFlow */ = {
			isa = PBXNativeTarget;
			buildConfigurationList = 2774D8A0D6E89225A68A8187 /* Build configuration list for PBXNativeTarget "SFlow" */;
			buildPhases = (
				618EFD86E7704F09E7A2CB67 /* Sources */,
			);
			buildRules = (
			);
			dependencies = (
			);
			name = SFlow;
			packageProductDependencies = (
			);
			productName = SFlow;
			productReference = 0AF326EDB03BF5D0178EF185 /* SFlow.app */;
			productType = "com.apple.product-type.application";
		};
		3506699C0F8DCC69978D4D42 /* SFlowTests */ = {
			isa = PBXNativeTarget;
			buildConfigurationList = D9AFA2CFBD2C0EE7D05F6593 /* Build configuration list for PBXNativeTarget "SFlowTests" */;
			buildPhases = (
				2110D3D0B280209459E00B39 /* Sources */,
			);
			buildRules = (
			);
			dependencies = (
				BC9F1FD10331D4F47A4B5E9D /* PBXTargetDependency */,
			);
			name = SFlowTests;
			packageProductDependencies = (
			);
			productName = SFlowTests;
			productReference = 696FCA35F867499528AB23A3 /* SFlowTests.xctest */;
			productType = "com.apple.product-type.bundle.unit-test";
		};
/* End PBXNativeTarget section */

/* Begin PBXProject section */
		559F620876978ADF0CFCF373 /* Project object */ = {
			isa = PBXProject;
			attributes = {
				BuildIndependentTargetsInParallel = YES;
				LastUpgradeCheck = 1430;
				TargetAttributes = {
					03F03064784A91D4917B6693 = {
						ProvisioningStyle = Automatic;
					};
				};
			};
			buildConfigurationList = B2809A48DC398C459C0E37D3 /* Build configuration list for PBXProject "SFlow" */;
			developmentRegion = en;
			hasScannedForEncodings = 0;
			knownRegions = (
				Base,
				en,
			);
			mainGroup = 668AFEA0D29C64ADAAC04CD8;
			minimizedProjectReferenceProxies = 1;
			preferredProjectObjectVersion = 77;
			productRefGroup = F6F4E2EE2EF54308DF3A77F8 /* Products */;
			projectDirPath = "";
			projectRoot = "";
			targets = (
				03F03064784A91D4917B6693 /* SFlow */,
				3506699C0F8DCC69978D4D42 /* SFlowTests */,
			);
		};
/* End PBXProject section */

/* Begin PBXSourcesBuildPhase section */
		2110D3D0B280209459E00B39 /* Sources */ = {
			isa = PBXSourcesBuildPhase;
			buildActionMask = 2147483647;
			files = (
				8DA7A33D1FEEFF27C202486F /* AsarReaderTests.swift in Sources */,
				ABF500139EEDDCECFD6387DF /* AsarTestFixture.swift in Sources */,
				66AEDAB8D6B27AC0FB7D50E7 /* ElectronShortcutScannerTests.swift in Sources */,
				0941253421DE6EB49F694D21 /* EventLoggerTests.swift in Sources */,
				D8B1CF34485FD3D6842055D5 /* MatchConfidenceTests.swift in Sources */,
				3870CDD92A623CCC38212BBD /* MenuBarCacheTests.swift in Sources */,
				9M8N7O6P5Q4R3S2T1U0V9W8X /* MenuBarDumperTests.swift in Sources */,
				9D0515F424679C978B7CB4FE /* MenuBarIndexTests.swift in Sources */,
				CCB34E0771A848B7A7D8C272 /* LoadedRuleTests.swift in Sources */,
				863B1C19EEB943C985C454F5 /* RuleCacheTests.swift in Sources */,
				9698660406FF4FBCA10BD95C /* RuleStorageTests.swift in Sources */,
				2C1534CFB385A74AA9511133 /* ShortcutRulesTests.swift in Sources */,
				F1A3B968D79E4057808DA853 /* AXSkeletonFilterTests.swift in Sources */,
			);
			runOnlyForDeploymentPostprocessing = 0;
		};
		618EFD86E7704F09E7A2CB67 /* Sources */ = {
			isa = PBXSourcesBuildPhase;
			buildActionMask = 2147483647;
			files = (
				E6062D3A5D10E29C58E2669D /* AppDelegate.swift in Sources */,
				B3F450355F09FDAD04F0AA40 /* AsarReader.swift in Sources */,
				FBFAD138C297F1EC3CCECE4C /* BundleStringsScanner.swift in Sources */,
				7F04919FAECD8480B487A8FD /* ClickWatcher.swift in Sources */,
				B0CB749EB83B777278EF3108 /* ElectronShortcutScanner.swift in Sources */,
				F52CC85A83C1FB904C1E53B5 /* EventLogger.swift in Sources */,
				F2E728B4C8579C70488B1007 /* MatchConfidence.swift in Sources */,
				5525C7031E3345BAB6786FF6 /* LoadedRule.swift in Sources */,
				4EFCC6984BD94D70BB4E70AE /* RuleCache.swift in Sources */,
				4A835C02919B427AA984BECB /* RuleStorage.swift in Sources */,
				0C5AEE4B53D6A4594ACDCAED /* MenuBarCache.swift in Sources */,
				7C2D4E5F3A1B5C6E7F8G9H0I /* MenuBarDumper.swift in Sources */,
				A376260BDFF9C683712A75D2 /* MenuBarIndex.swift in Sources */,
				32D9DA7F08F347B38F100DFB /* ShortcutEvent.swift in Sources */,
				B387629ECE75EB4A9EC78312 /* ShortcutRules.swift in Sources */,
				60D4BD4F03942A723818EB31 /* ToastWindow.swift in Sources */,
				C934D80ECE34114EC3F593FC /* main.swift in Sources */,
				A138C7C943504B60933E8768 /* AXSkeletonExtractor.swift in Sources */,
			);
			runOnlyForDeploymentPostprocessing = 0;
		};
/* End PBXSourcesBuildPhase section */

/* Begin PBXTargetDependency section */
		BC9F1FD10331D4F47A4B5E9D /* PBXTargetDependency */ = {
			isa = PBXTargetDependency;
			target = 03F03064784A91D4917B6693 /* SFlow */;
			targetProxy = 7C3EE27235EB5F52EF98BDDA /* PBXContainerItemProxy */;
		};
/* End PBXTargetDependency section */

/* Begin XCBuildConfiguration section */
		10D0232E32E5FBA0E9C75AF3 /* Debug */ = {
			isa = XCBuildConfiguration;
			buildSettings = {
				ASSETCATALOG_COMPILER_APPICON_NAME = AppIcon;
				CODE_SIGN_STYLE = Automatic;
				COMBINE_HIDPI_IMAGES = YES;
				DEVELOPMENT_TEAM = L2B952623M;
				ENABLE_HARDENED_RUNTIME = NO;
				ENABLE_TESTABILITY = YES;
				INFOPLIST_FILE = SFlow/Info.plist;
				LD_RUNPATH_SEARCH_PATHS = (
					"$(inherited)",
					"@executable_path/../Frameworks",
				);
				PRODUCT_BUNDLE_IDENTIFIER = com.filip.sflow;
				SDKROOT = macosx;
				SWIFT_VERSION = 5.9;
			};
			name = Debug;
		};
		2B69ED46F2FBD48774AA7689 /* Release */ = {
			isa = XCBuildConfiguration;
			buildSettings = {
				BUNDLE_LOADER = "$(TEST_HOST)";
				COMBINE_HIDPI_IMAGES = YES;
				GENERATE_INFOPLIST_FILE = YES;
				LD_RUNPATH_SEARCH_PATHS = (
					"$(inherited)",
					"@executable_path/../Frameworks",
					"@loader_path/../Frameworks",
				);
				PRODUCT_BUNDLE_IDENTIFIER = "com.filip.sflow-tests";
				SDKROOT = macosx;
				SWIFT_VERSION = 5.9;
				TEST_HOST = "$(BUILT_PRODUCTS_DIR)/SFlow.app/Contents/MacOS/SFlow";
			};
			name = Release;
		};
		54EDD47164CC09159367CEC3 /* Release */ = {
			isa = XCBuildConfiguration;
			buildSettings = {
				ASSETCATALOG_COMPILER_APPICON_NAME = AppIcon;
				CODE_SIGN_STYLE = Automatic;
				COMBINE_HIDPI_IMAGES = YES;
				DEVELOPMENT_TEAM = L2B952623M;
				ENABLE_HARDENED_RUNTIME = NO;
				INFOPLIST_FILE = SFlow/Info.plist;
				LD_RUNPATH_SEARCH_PATHS = (
					"$(inherited)",
					"@executable_path/../Frameworks",
				);
				PRODUCT_BUNDLE_IDENTIFIER = com.filip.sflow;
				SDKROOT = macosx;
				SWIFT_VERSION = 5.9;
			};
			name = Release;
		};
		979E856CA29A2198A267A40C /* Debug */ = {
			isa = XCBuildConfiguration;
			buildSettings = {
				BUNDLE_LOADER = "$(TEST_HOST)";
				COMBINE_HIDPI_IMAGES = YES;
				GENERATE_INFOPLIST_FILE = YES;
				LD_RUNPATH_SEARCH_PATHS = (
					"$(inherited)",
					"@executable_path/../Frameworks",
					"@loader_path/../Frameworks",
				);
				PRODUCT_BUNDLE_IDENTIFIER = "com.filip.sflow-tests";
				SDKROOT = macosx;
				SWIFT_VERSION = 5.9;
				TEST_HOST = "$(BUILT_PRODUCTS_DIR)/SFlow.app/Contents/MacOS/SFlow";
			};
			name = Debug;
		};
		C615DEE44100D8A750328572 /* Debug */ = {
			isa = XCBuildConfiguration;
			buildSettings = {
				ALWAYS_SEARCH_USER_PATHS = NO;
				CLANG_ANALYZER_NONNULL = YES;
				CLANG_ANALYZER_NUMBER_OBJECT_CONVERSION = YES_AGGRESSIVE;
				CLANG_CXX_LANGUAGE_STANDARD = "gnu++14";
				CLANG_CXX_LIBRARY = "libc++";
				CLANG_ENABLE_MODULES = YES;
				CLANG_ENABLE_OBJC_ARC = YES;
				CLANG_ENABLE_OBJC_WEAK = YES;
				CLANG_WARN_BLOCK_CAPTURE_AUTORELEASING = YES;
				CLANG_WARN_BOOL_CONVERSION = YES;
				CLANG_WARN_COMMA = YES;
				CLANG_WARN_CONSTANT_CONVERSION = YES;
				CLANG_WARN_DEPRECATED_OBJC_IMPLEMENTATIONS = YES;
				CLANG_WARN_DIRECT_OBJC_ISA_USAGE = YES_ERROR;
				CLANG_WARN_DOCUMENTATION_COMMENTS = YES;
				CLANG_WARN_EMPTY_BODY = YES;
				CLANG_WARN_ENUM_CONVERSION = YES;
				CLANG_WARN_INFINITE_RECURSION = YES;
				CLANG_WARN_INT_CONVERSION = YES;
				CLANG_WARN_NON_LITERAL_NULL_CONVERSION = YES;
				CLANG_WARN_OBJC_IMPLICIT_RETAIN_SELF = YES;
				CLANG_WARN_OBJC_LITERAL_CONVERSION = YES;
				CLANG_WARN_OBJC_ROOT_CLASS = YES_ERROR;
				CLANG_WARN_QUOTED_INCLUDE_IN_FRAMEWORK_HEADER = YES;
				CLANG_WARN_RANGE_LOOP_ANALYSIS = YES;
				CLANG_WARN_STRICT_PROTOTYPES = YES;
				CLANG_WARN_SUSPICIOUS_MOVE = YES;
				CLANG_WARN_UNGUARDED_AVAILABILITY = YES_AGGRESSIVE;
				CLANG_WARN_UNREACHABLE_CODE = YES;
				CLANG_WARN__DUPLICATE_METHOD_MATCH = YES;
				COPY_PHASE_STRIP = NO;
				DEBUG_INFORMATION_FORMAT = dwarf;
				ENABLE_STRICT_OBJC_MSGSEND = YES;
				ENABLE_TESTABILITY = YES;
				GCC_C_LANGUAGE_STANDARD = gnu11;
				GCC_DYNAMIC_NO_PIC = NO;
				GCC_NO_COMMON_BLOCKS = YES;
				GCC_OPTIMIZATION_LEVEL = 0;
				GCC_PREPROCESSOR_DEFINITIONS = (
					"$(inherited)",
					"DEBUG=1",
				);
				GCC_WARN_64_TO_32_BIT_CONVERSION = YES;
				GCC_WARN_ABOUT_RETURN_TYPE = YES_ERROR;
				GCC_WARN_UNDECLARED_SELECTOR = YES;
				GCC_WARN_UNINITIALIZED_AUTOS = YES_AGGRESSIVE;
				GCC_WARN_UNUSED_FUNCTION = YES;
				GCC_WARN_UNUSED_VARIABLE = YES;
				MACOSX_DEPLOYMENT_TARGET = 13.0;
				MTL_ENABLE_DEBUG_INFO = INCLUDE_SOURCE;
				MTL_FAST_MATH = YES;
				ONLY_ACTIVE_ARCH = YES;
				PRODUCT_NAME = "$(TARGET_NAME)";
				SDKROOT = macosx;
				SWIFT_ACTIVE_COMPILATION_CONDITIONS = DEBUG;
				SWIFT_OPTIMIZATION_LEVEL = "-Onone";
				SWIFT_VERSION = 5.0;
			};
			name = Debug;
		};
		DC5927CAC844AE1CE01F5E77 /* Release */ = {
			isa = XCBuildConfiguration;
			buildSettings = {
				ALWAYS_SEARCH_USER_PATHS = NO;
				CLANG_ANALYZER_NONNULL = YES;
				CLANG_ANALYZER_NUMBER_OBJECT_CONVERSION = YES_AGGRESSIVE;
				CLANG_CXX_LANGUAGE_STANDARD = "gnu++14";
				CLANG_CXX_LIBRARY = "libc++";
				CLANG_ENABLE_MODULES = YES;
				CLANG_ENABLE_OBJC_ARC = YES;
				CLANG_ENABLE_OBJC_WEAK = YES;
				CLANG_WARN_BLOCK_CAPTURE_AUTORELEASING = YES;
				CLANG_WARN_BOOL_CONVERSION = YES;
				CLANG_WARN_COMMA = YES;
				CLANG_WARN_CONSTANT_CONVERSION = YES;
				CLANG_WARN_DEPRECATED_OBJC_IMPLEMENTATIONS = YES;
				CLANG_WARN_DIRECT_OBJC_ISA_USAGE = YES_ERROR;
				CLANG_WARN_DOCUMENTATION_COMMENTS = YES;
				CLANG_WARN_EMPTY_BODY = YES;
				CLANG_WARN_ENUM_CONVERSION = YES;
				CLANG_WARN_INFINITE_RECURSION = YES;
				CLANG_WARN_INT_CONVERSION = YES;
				CLANG_WARN_NON_LITERAL_NULL_CONVERSION = YES;
				CLANG_WARN_OBJC_IMPLICIT_RETAIN_SELF = YES;
				CLANG_WARN_OBJC_LITERAL_CONVERSION = YES;
				CLANG_WARN_OBJC_ROOT_CLASS = YES_ERROR;
				CLANG_WARN_QUOTED_INCLUDE_IN_FRAMEWORK_HEADER = YES;
				CLANG_WARN_RANGE_LOOP_ANALYSIS = YES;
				CLANG_WARN_STRICT_PROTOTYPES = YES;
				CLANG_WARN_SUSPICIOUS_MOVE = YES;
				CLANG_WARN_UNGUARDED_AVAILABILITY = YES_AGGRESSIVE;
				CLANG_WARN_UNREACHABLE_CODE = YES;
				CLANG_WARN__DUPLICATE_METHOD_MATCH = YES;
				COPY_PHASE_STRIP = NO;
				DEBUG_INFORMATION_FORMAT = "dwarf-with-dsym";
				ENABLE_NS_ASSERTIONS = NO;
				ENABLE_STRICT_OBJC_MSGSEND = YES;
				GCC_C_LANGUAGE_STANDARD = gnu11;
				GCC_NO_COMMON_BLOCKS = YES;
				GCC_WARN_64_TO_32_BIT_CONVERSION = YES;
				GCC_WARN_ABOUT_RETURN_TYPE = YES_ERROR;
				GCC_WARN_UNDECLARED_SELECTOR = YES;
				GCC_WARN_UNINITIALIZED_AUTOS = YES_AGGRESSIVE;
				GCC_WARN_UNUSED_FUNCTION = YES;
				GCC_WARN_UNUSED_VARIABLE = YES;
				MACOSX_DEPLOYMENT_TARGET = 13.0;
				MTL_ENABLE_DEBUG_INFO = NO;
				MTL_FAST_MATH = YES;
				PRODUCT_NAME = "$(TARGET_NAME)";
				SDKROOT = macosx;
				SWIFT_COMPILATION_MODE = wholemodule;
				SWIFT_OPTIMIZATION_LEVEL = "-O";
				SWIFT_VERSION = 5.0;
			};
			name = Release;
		};
/* End XCBuildConfiguration section */

/* Begin XCConfigurationList section */
		2774D8A0D6E89225A68A8187 /* Build configuration list for PBXNativeTarget "SFlow" */ = {
			isa = XCConfigurationList;
			buildConfigurations = (
				10D0232E32E5FBA0E9C75AF3 /* Debug */,
				54EDD47164CC09159367CEC3 /* Release */,
			);
			defaultConfigurationIsVisible = 0;
			defaultConfigurationName = Debug;
		};
		B2809A48DC398C459C0E37D3 /* Build configuration list for PBXProject "SFlow" */ = {
			isa = XCConfigurationList;
			buildConfigurations = (
				C615DEE44100D8A750328572 /* Debug */,
				DC5927CAC844AE1CE01F5E77 /* Release */,
			);
			defaultConfigurationIsVisible = 0;
			defaultConfigurationName = Debug;
		};
		D9AFA2CFBD2C0EE7D05F6593 /* Build configuration list for PBXNativeTarget "SFlowTests" */ = {
			isa = XCConfigurationList;
			buildConfigurations = (
				979E856CA29A2198A267A40C /* Debug */,
				2B69ED46F2FBD48774AA7689 /* Release */,
			);
			defaultConfigurationIsVisible = 0;
			defaultConfigurationName = Debug;
		};
/* End XCConfigurationList section */
	};
	rootObject = 559F620876978ADF0CFCF373 /* Project object */;
}
